# THIS IS AN AUTOGENERATED FILE. DO NOT EDIT THIS FILE DIRECTLY.
# yarn lockfile v1


"@openzeppelin/contracts@^3.2.0":
  "integrity" "sha512-bUOmkSoPkjnUyMiKo6RYnb0VHBk5D9KKDAgNLzF41aqAM3TeE0yGdFF5dVRcV60pZdJLlyFT/jjXIZCWyyEzAQ=="
  "resolved" "https://registry.npmjs.org/@openzeppelin/contracts/-/contracts-3.2.0.tgz"
  "version" "3.2.0"

"@uniswap/lib@1.1.1":
  "integrity" "sha512-2yK7sLpKIT91TiS5sewHtOa7YuM8IuBXVl4GZv2jZFys4D2sY7K5vZh6MqD25TPA95Od+0YzCVq6cTF2IKrOmg=="
  "resolved" "https://registry.npmjs.org/@uniswap/lib/-/lib-1.1.1.tgz"
  "version" "1.1.1"

"@uniswap/v2-core@^1.0.1":
  "integrity" "sha512-MtybtkUPSyysqLY2U210NBDeCHX+ltHt3oADGdjqoThZaFRDKwM6k1Nb3F0A3hk5hwuQvytFWhrWHOEq6nVJ8Q=="
  "resolved" "https://registry.npmjs.org/@uniswap/v2-core/-/v2-core-1.0.1.tgz"
  "version" "1.0.1"

"@uniswap/v2-core@1.0.0":
  "integrity" "sha512-BJiXrBGnN8mti7saW49MXwxDBRFiWemGetE58q8zgfnPPzQKq55ADltEILqOt6VFZ22kVeVKbF8gVd8aY3l7pA=="
  "resolved" "https://registry.npmjs.org/@uniswap/v2-core/-/v2-core-1.0.0.tgz"
  "version" "1.0.0"

"@uniswap/v2-periphery@^1.1.0-beta.0":
  "integrity" "sha512-6dkwAMKza8nzqYiXEr2D86dgW3TTavUvCR0w2Tu33bAbM8Ah43LKAzH7oKKPRT5VJQaMi1jtkGs1E8JPor1n5g=="
  "resolved" "https://registry.npmjs.org/@uniswap/v2-periphery/-/v2-periphery-1.1.0-beta.0.tgz"
  "version" "1.1.0-beta.0"
  dependencies:
    "@uniswap/lib" "1.1.1"
    "@uniswap/v2-core" "1.0.0"

"assertion-error@^1.1.0":
  "integrity" "sha512-jgsaNduz+ndvGyFt3uSuWqvy4lCnIJiovtouQN5JZHOKCS2QuhEdbcQHFhVksz2N2U9hXJo8odG7ETyWlEeuDw=="
  "resolved" "https://registry.npmjs.org/assertion-error/-/assertion-error-1.1.0.tgz"
  "version" "1.1.0"

"dotenv@^8.2.0":
  "integrity" "sha512-8sJ78ElpbDJBHNeBzUbUVLsqKdccaa/BXF1uPTw3GrvQTBgrQrtObr2mUrE38vzYd8cEv+m/JBfDLioYcfXoaw=="
  "resolved" "https://registry.npmjs.org/dotenv/-/dotenv-8.2.0.tgz"
  "version" "8.2.0"

"lodash.isequal@^4.5.0":
  "integrity" "sha1-QVxEePK8wwEgwizhDtMib30+GOA="
  "resolved" "https://registry.npmjs.org/lodash.isequal/-/lodash.isequal-4.5.0.tgz"
  "version" "4.5.0"

"truffle-assertions@^0.9.2":
  "integrity" "sha512-9g2RhaxU2F8DeWhqoGQvL/bV8QVoSnQ6PY+ZPvYRP5eF7+/8LExb4mjLx/FeliLTjc3Tv1SABG05Gu5qQ/ErmA=="
  "resolved" "https://registry.npmjs.org/truffle-assertions/-/truffle-assertions-0.9.2.tgz"
  "version" "0.9.2"
  dependencies:
    "assertion-error" "^1.1.0"
    "lodash.isequal" "^4.5.0"
